
Microsoft Visual Studio Solution File, Format Version 12.00
# Visual Studio 15
VisualStudioVersion = 15.0.28307.168
MinimumVisualStudioVersion = 10.0.40219.1
Project("{FAE04EC0-301F-11D3-BF4B-00C04F79EFBC}") = "ConsoleApp1", "ConsoleApp1\ConsoleApp1.csproj", "{A7CD58F5-9505-419F-8AA2-EFB0D833F65C}"
EndProject
Global
	GlobalSection(SolutionConfigurationPlatforms) = preSolution
		Debug|Any CPU = Debug|Any CPU
		Release|Any CPU = Release|Any CPU
	EndGlobalSection
	GlobalSection(ProjectConfigurationPlatforms) = postSolution
		{A7CD58F5-9505-419F-8AA2-EFB0D833F65C}.Debug|Any CPU.ActiveCfg = Debug|Any CPU
		{A7CD58F5-9505-419F-8AA2-EFB0D833F65C}.Debug|Any CPU.Build.0 = Debug|Any CPU
		{A7CD58F5-9505-419F-8AA2-EFB0D833F65C}.Release|Any CPU.ActiveCfg = Release|Any CPU
		{A7CD58F5-9505-419F-8AA2-EFB0D833F65C}.Release|Any CPU.Build.0 = Release|Any CPU
	EndGlobalSection
	GlobalSection(SolutionProperties) = preSolution
		HideSolutionNode = FALSE
	EndGlobalSection
	GlobalSection(ExtensibilityGlobals) = postSolution
		SolutionGuid = {00E7C1A3-E828-4D1F-B3FE-B190CCACA94F}
	EndGlobalSection
EndGlobal
